
Microsoft Visual Studio Solution File, Format Version 12.00
# Visual Studio Version 16
VisualStudioVersion = 16.0.29709.97
MinimumVisualStudioVersion = 10.0.40219.1
Project("{FAE04EC0-301F-11D3-BF4B-00C04F79EFBC}") = "MRename", "MRename\MRename.csproj", "{94663A6B-6F31-4742-A81E-A5868A848F3C}"
EndProject
Global
	GlobalSection(SolutionConfigurationPlatforms) = preSolution
		Debug|Any CPU = Debug|Any CPU
		Release|Any CPU = Release|Any CPU
	EndGlobalSection
	GlobalSection(ProjectConfigurationPlatforms) = postSolution
		{94663A6B-6F31-4742-A81E-A5868A848F3C}.Debug|Any CPU.ActiveCfg = Debug|Any CPU
		{94663A6B-6F31-4742-A81E-A5868A848F3C}.Debug|Any CPU.Build.0 = Debug|Any CPU
		{94663A6B-6F31-4742-A81E-A5868A848F3C}.Release|Any CPU.ActiveCfg = Release|Any CPU
		{94663A6B-6F31-4742-A81E-A5868A848F3C}.Release|Any CPU.Build.0 = Release|Any CPU
	EndGlobalSection
	GlobalSection(SolutionProperties) = preSolution
		HideSolutionNode = FALSE
	EndGlobalSection
	GlobalSection(ExtensibilityGlobals) = postSolution
		SolutionGuid = {890B65EC-0CB2-4BCE-B7EF-322C58F267C6}
	EndGlobalSection
EndGlobal
